
Microsoft Visual Studio Solution File, Format Version 12.00
# Visual Studio 2012
Project("{2150E333-8FDC-42A3-9474-1A3956D46DE8}") = "WebAPI", "WebAPI", "{87FEE286-5601-42B9-8C80-1BE9C679156F}"
EndProject
Project("{2150E333-8FDC-42A3-9474-1A3956D46DE8}") = "Core", "Core", "{BE2EC3FE-0E7E-48CE-9C5F-2EAF96F282D5}"
EndProject
Project("{FAE04EC0-301F-11D3-BF4B-00C04F79EFBC}") = "hunter-warfield.Core", "hunter-warfield.Core\hunter-warfield.Core.csproj", "{360DBF5D-C9EF-44C3-9BBC-D552926A138B}"
EndProject
Project("{2150E333-8FDC-42A3-9474-1A3956D46DE8}") = "Data", "Data", "{CA077743-A213-4C3C-8985-56A57FD733F3}"
EndProject
Project("{FAE04EC0-301F-11D3-BF4B-00C04F79EFBC}") = "hunter-warfield.Data", "hunter-warfield.Data\hunter-warfield.Data.csproj", "{CC7E0BA4-EAF0-4BED-A5DD-E1F284FB6056}"
EndProject
Project("{FAE04EC0-301F-11D3-BF4B-00C04F79EFBC}") = "hunter-warfield.Data.Tests", "hunter-warfield.Data.Tests\hunter-warfield.Data.Tests.csproj", "{79A39077-4C0A-469D-A6D2-A821A12DC658}"
EndProject
Project("{FAE04EC0-301F-11D3-BF4B-00C04F79EFBC}") = "hunter-warfield.WebAPI", "hunter-warfield.WebAPI\hunter-warfield.WebAPI.csproj", "{74A0C52A-DABF-43E9-8470-1398B1ECB267}"
EndProject
Project("{FAE04EC0-301F-11D3-BF4B-00C04F79EFBC}") = "hunter-warfield.WebAPI.Tests", "hunter-warfield.WebAPI.Tests\hunter-warfield.WebAPI.Tests.csproj", "{BC9CD995-60C2-4122-96C3-F14E51FEF6E4}"
EndProject
Global
	GlobalSection(SolutionConfigurationPlatforms) = preSolution
		Debug|Any CPU = Debug|Any CPU
		Release|Any CPU = Release|Any CPU
	EndGlobalSection
	GlobalSection(ProjectConfigurationPlatforms) = postSolution
		{360DBF5D-C9EF-44C3-9BBC-D552926A138B}.Debug|Any CPU.ActiveCfg = Debug|Any CPU
		{360DBF5D-C9EF-44C3-9BBC-D552926A138B}.Debug|Any CPU.Build.0 = Debug|Any CPU
		{360DBF5D-C9EF-44C3-9BBC-D552926A138B}.Release|Any CPU.ActiveCfg = Release|Any CPU
		{360DBF5D-C9EF-44C3-9BBC-D552926A138B}.Release|Any CPU.Build.0 = Release|Any CPU
		{CC7E0BA4-EAF0-4BED-A5DD-E1F284FB6056}.Debug|Any CPU.ActiveCfg = Debug|Any CPU
		{CC7E0BA4-EAF0-4BED-A5DD-E1F284FB6056}.Debug|Any CPU.Build.0 = Debug|Any CPU
		{CC7E0BA4-EAF0-4BED-A5DD-E1F284FB6056}.Release|Any CPU.ActiveCfg = Release|Any CPU
		{CC7E0BA4-EAF0-4BED-A5DD-E1F284FB6056}.Release|Any CPU.Build.0 = Release|Any CPU
		{79A39077-4C0A-469D-A6D2-A821A12DC658}.Debug|Any CPU.ActiveCfg = Debug|Any CPU
		{79A39077-4C0A-469D-A6D2-A821A12DC658}.Debug|Any CPU.Build.0 = Debug|Any CPU
		{79A39077-4C0A-469D-A6D2-A821A12DC658}.Release|Any CPU.ActiveCfg = Release|Any CPU
		{79A39077-4C0A-469D-A6D2-A821A12DC658}.Release|Any CPU.Build.0 = Release|Any CPU
		{74A0C52A-DABF-43E9-8470-1398B1ECB267}.Debug|Any CPU.ActiveCfg = Debug|Any CPU
		{74A0C52A-DABF-43E9-8470-1398B1ECB267}.Debug|Any CPU.Build.0 = Debug|Any CPU
		{74A0C52A-DABF-43E9-8470-1398B1ECB267}.Release|Any CPU.ActiveCfg = Release|Any CPU
		{74A0C52A-DABF-43E9-8470-1398B1ECB267}.Release|Any CPU.Build.0 = Release|Any CPU
		{BC9CD995-60C2-4122-96C3-F14E51FEF6E4}.Debug|Any CPU.ActiveCfg = Debug|Any CPU
		{BC9CD995-60C2-4122-96C3-F14E51FEF6E4}.Debug|Any CPU.Build.0 = Debug|Any CPU
		{BC9CD995-60C2-4122-96C3-F14E51FEF6E4}.Release|Any CPU.ActiveCfg = Release|Any CPU
		{BC9CD995-60C2-4122-96C3-F14E51FEF6E4}.Release|Any CPU.Build.0 = Release|Any CPU
	EndGlobalSection
	GlobalSection(SolutionProperties) = preSolution
		HideSolutionNode = FALSE
	EndGlobalSection
	GlobalSection(NestedProjects) = preSolution
		{74A0C52A-DABF-43E9-8470-1398B1ECB267} = {87FEE286-5601-42B9-8C80-1BE9C679156F}
		{BC9CD995-60C2-4122-96C3-F14E51FEF6E4} = {87FEE286-5601-42B9-8C80-1BE9C679156F}
		{360DBF5D-C9EF-44C3-9BBC-D552926A138B} = {BE2EC3FE-0E7E-48CE-9C5F-2EAF96F282D5}
		{CC7E0BA4-EAF0-4BED-A5DD-E1F284FB6056} = {CA077743-A213-4C3C-8985-56A57FD733F3}
		{79A39077-4C0A-469D-A6D2-A821A12DC658} = {CA077743-A213-4C3C-8985-56A57FD733F3}
	EndGlobalSection
EndGlobal
